
Microsoft Visual Studio Solution File, Format Version 12.00
# Visual Studio Version 16
VisualStudioVersion = 16.0.30114.105
MinimumVisualStudioVersion = 10.0.40219.1
Project("{FAE04EC0-301F-11D3-BF4B-00C04F79EFBC}") = "MeterConverter.App", "MeterConverter.App\MeterConverter.App.csproj", "{FA3A951C-3CB5-4637-AC1C-EBC4EBEC9F14}"
EndProject
Project("{FAE04EC0-301F-11D3-BF4B-00C04F79EFBC}") = "MeterConverter.Domain", "MeterConverter.Domain\MeterConverter.Domain.csproj", "{67C4A064-B9B1-4256-BDE9-7A7ECFAB8128}"
EndProject
Project("{FAE04EC0-301F-11D3-BF4B-00C04F79EFBC}") = "MeterConverter.Api", "MeterConverter.Api\MeterConverter.Api.csproj", "{91670E43-0464-4D51-B5E7-73A7FB83C097}"
EndProject
Global
	GlobalSection(SolutionConfigurationPlatforms) = preSolution
		Debug|Any CPU = Debug|Any CPU
		Debug|x64 = Debug|x64
		Debug|x86 = Debug|x86
		Release|Any CPU = Release|Any CPU
		Release|x64 = Release|x64
		Release|x86 = Release|x86
	EndGlobalSection
	GlobalSection(SolutionProperties) = preSolution
		HideSolutionNode = FALSE
	EndGlobalSection
	GlobalSection(ProjectConfigurationPlatforms) = postSolution
		{FA3A951C-3CB5-4637-AC1C-EBC4EBEC9F14}.Debug|Any CPU.ActiveCfg = Debug|Any CPU
		{FA3A951C-3CB5-4637-AC1C-EBC4EBEC9F14}.Debug|Any CPU.Build.0 = Debug|Any CPU
		{FA3A951C-3CB5-4637-AC1C-EBC4EBEC9F14}.Debug|x64.ActiveCfg = Debug|Any CPU
		{FA3A951C-3CB5-4637-AC1C-EBC4EBEC9F14}.Debug|x64.Build.0 = Debug|Any CPU
		{FA3A951C-3CB5-4637-AC1C-EBC4EBEC9F14}.Debug|x86.ActiveCfg = Debug|Any CPU
		{FA3A951C-3CB5-4637-AC1C-EBC4EBEC9F14}.Debug|x86.Build.0 = Debug|Any CPU
		{FA3A951C-3CB5-4637-AC1C-EBC4EBEC9F14}.Release|Any CPU.ActiveCfg = Release|Any CPU
		{FA3A951C-3CB5-4637-AC1C-EBC4EBEC9F14}.Release|Any CPU.Build.0 = Release|Any CPU
		{FA3A951C-3CB5-4637-AC1C-EBC4EBEC9F14}.Release|x64.ActiveCfg = Release|Any CPU
		{FA3A951C-3CB5-4637-AC1C-EBC4EBEC9F14}.Release|x64.Build.0 = Release|Any CPU
		{FA3A951C-3CB5-4637-AC1C-EBC4EBEC9F14}.Release|x86.ActiveCfg = Release|Any CPU
		{FA3A951C-3CB5-4637-AC1C-EBC4EBEC9F14}.Release|x86.Build.0 = Release|Any CPU
		{67C4A064-B9B1-4256-BDE9-7A7ECFAB8128}.Debug|Any CPU.ActiveCfg = Debug|Any CPU
		{67C4A064-B9B1-4256-BDE9-7A7ECFAB8128}.Debug|Any CPU.Build.0 = Debug|Any CPU
		{67C4A064-B9B1-4256-BDE9-7A7ECFAB8128}.Debug|x64.ActiveCfg = Debug|Any CPU
		{67C4A064-B9B1-4256-BDE9-7A7ECFAB8128}.Debug|x64.Build.0 = Debug|Any CPU
		{67C4A064-B9B1-4256-BDE9-7A7ECFAB8128}.Debug|x86.ActiveCfg = Debug|Any CPU
		{67C4A064-B9B1-4256-BDE9-7A7ECFAB8128}.Debug|x86.Build.0 = Debug|Any CPU
		{67C4A064-B9B1-4256-BDE9-7A7ECFAB8128}.Release|Any CPU.ActiveCfg = Release|Any CPU
		{67C4A064-B9B1-4256-BDE9-7A7ECFAB8128}.Release|Any CPU.Build.0 = Release|Any CPU
		{67C4A064-B9B1-4256-BDE9-7A7ECFAB8128}.Release|x64.ActiveCfg = Release|Any CPU
		{67C4A064-B9B1-4256-BDE9-7A7ECFAB8128}.Release|x64.Build.0 = Release|Any CPU
		{67C4A064-B9B1-4256-BDE9-7A7ECFAB8128}.Release|x86.ActiveCfg = Release|Any CPU
		{67C4A064-B9B1-4256-BDE9-7A7ECFAB8128}.Release|x86.Build.0 = Release|Any CPU
		{91670E43-0464-4D51-B5E7-73A7FB83C097}.Debug|Any CPU.ActiveCfg = Debug|Any CPU
		{91670E43-0464-4D51-B5E7-73A7FB83C097}.Debug|Any CPU.Build.0 = Debug|Any CPU
		{91670E43-0464-4D51-B5E7-73A7FB83C097}.Debug|x64.ActiveCfg = Debug|Any CPU
		{91670E43-0464-4D51-B5E7-73A7FB83C097}.Debug|x64.Build.0 = Debug|Any CPU
		{91670E43-0464-4D51-B5E7-73A7FB83C097}.Debug|x86.ActiveCfg = Debug|Any CPU
		{91670E43-0464-4D51-B5E7-73A7FB83C097}.Debug|x86.Build.0 = Debug|Any CPU
		{91670E43-0464-4D51-B5E7-73A7FB83C097}.Release|Any CPU.ActiveCfg = Release|Any CPU
		{91670E43-0464-4D51-B5E7-73A7FB83C097}.Release|Any CPU.Build.0 = Release|Any CPU
		{91670E43-0464-4D51-B5E7-73A7FB83C097}.Release|x64.ActiveCfg = Release|Any CPU
		{91670E43-0464-4D51-B5E7-73A7FB83C097}.Release|x64.Build.0 = Release|Any CPU
		{91670E43-0464-4D51-B5E7-73A7FB83C097}.Release|x86.ActiveCfg = Release|Any CPU
		{91670E43-0464-4D51-B5E7-73A7FB83C097}.Release|x86.Build.0 = Release|Any CPU
	EndGlobalSection
EndGlobal
